// !$*UTF8*$!
{
	archiveVersion = 1;
	classes = {
	};
	objectVersion = 46;
	objects = {

/* Begin PBXBuildFile section */
		194DF6EA19BE95E80073A611 /* ImageHandler.mm in Sources */ = {isa = PBXBuildFile; fileRef = 194DF6E919BE95E80073A611 /* ImageHandler.mm */; };
		194DF6EC19BE9B4F0073A611 /* libstdc++.6.0.9.dylib in Frameworks */ = {isa = PBXBuildFile; fileRef = 194DF6EB19BE9B4F0073A611 /* libstdc++.6.0.9.dylib */; };
		194DF6EE19BE9C010073A611 /* tessdata in Resources */ = {isa = PBXBuildFile; fileRef = 194DF6ED19BE9C010073A611 /* tessdata */; };
		194DF6F019BE9C130073A611 /* CoreImage.framework in Frameworks */ = {isa = PBXBuildFile; fileRef = 194DF6EF19BE9C130073A611 /* CoreImage.framework */; };
		194DF6F419BEA1F80073A611 /* QuartzCore.framework in Frameworks */ = {isa = PBXBuildFile; fileRef = 19B4C57D19B4EB4E009AD5DD /* QuartzCore.framework */; };
		194DF73819C011180073A611 /* UserDataManager.m in Sources */ = {isa = PBXBuildFile; fileRef = 194DF73719C011180073A611 /* UserDataManager.m */; };
		194DF73B19C011220073A611 /* ImageDataManager.m in Sources */ = {isa = PBXBuildFile; fileRef = 194DF73A19C011220073A611 /* ImageDataManager.m */; };
		1970156119F2B1860006433F /* opencv2.framework in Frameworks */ = {isa = PBXBuildFile; fileRef = 1970156019F2B1860006433F /* opencv2.framework */; };
		1970156319F2B21E0006433F /* AssetsLibrary.framework in Frameworks */ = {isa = PBXBuildFile; fileRef = 1970156219F2B21E0006433F /* AssetsLibrary.framework */; };
		19B4C57019B4B4DF009AD5DD /* CoreMedia.framework in Frameworks */ = {isa = PBXBuildFile; fileRef = 19B4C56F19B4B4DF009AD5DD /* CoreMedia.framework */; };
		19B4C57219B4B4EA009AD5DD /* AVFoundation.framework in Frameworks */ = {isa = PBXBuildFile; fileRef = 19B4C57119B4B4EA009AD5DD /* AVFoundation.framework */; };
		19B4C57519B4B553009AD5DD /* CaptureSessionManager.m in Sources */ = {isa = PBXBuildFile; fileRef = 19B4C57419B4B553009AD5DD /* CaptureSessionManager.m */; };
		19B4C57819B4BAAD009AD5DD /* AROverlayViewController.m in Sources */ = {isa = PBXBuildFile; fileRef = 19B4C57719B4BAAD009AD5DD /* AROverlayViewController.m */; };
		19B4C57B19B4C303009AD5DD /* overlaygraphic.png in Resources */ = {isa = PBXBuildFile; fileRef = 19B4C57919B4C303009AD5DD /* overlaygraphic.png */; };
		19B4C57C19B4C303009AD5DD /* scanbutton.png in Resources */ = {isa = PBXBuildFile; fileRef = 19B4C57A19B4C303009AD5DD /* scanbutton.png */; };
		19B4C58019B4EC1A009AD5DD /* ImageIO.framework in Frameworks */ = {isa = PBXBuildFile; fileRef = 19B4C57F19B4EC1A009AD5DD /* ImageIO.framework */; };
		19CD1F3D19A67CBF00E8C70F /* Foundation.framework in Frameworks */ = {isa = PBXBuildFile; fileRef = 19CD1F3C19A67CBF00E8C70F /* Foundation.framework */; };
		19CD1F3F19A67CBF00E8C70F /* CoreGraphics.framework in Frameworks */ = {isa = PBXBuildFile; fileRef = 19CD1F3E19A67CBF00E8C70F /* CoreGraphics.framework */; };
		19CD1F4119A67CBF00E8C70F /* UIKit.framework in Frameworks */ = {isa = PBXBuildFile; fileRef = 19CD1F4019A67CBF00E8C70F /* UIKit.framework */; };
		19CD1F4719A67CBF00E8C70F /* InfoPlist.strings in Resources */ = {isa = PBXBuildFile; fileRef = 19CD1F4519A67CBF00E8C70F /* InfoPlist.strings */; };
		19CD1F4919A67CBF00E8C70F /* main.m in Sources */ = {isa = PBXBuildFile; fileRef = 19CD1F4819A67CBF00E8C70F /* main.m */; };
		19CD1F4D19A67CBF00E8C70F /* AppDelegate.m in Sources */ = {isa = PBXBuildFile; fileRef = 19CD1F4C19A67CBF00E8C70F /* AppDelegate.m */; };
		19CD1F5019A67CBF00E8C70F /* Main.storyboard in Resources */ = {isa = PBXBuildFile; fileRef = 19CD1F4E19A67CBF00E8C70F /* Main.storyboard */; };
		19CD1F5519A67CBF00E8C70F /* Images.xcassets in Resources */ = {isa = PBXBuildFile; fileRef = 19CD1F5419A67CBF00E8C70F /* Images.xcassets */; };
		19CD1F5C19A67CBF00E8C70F /* XCTest.framework in Frameworks */ = {isa = PBXBuildFile; fileRef = 19CD1F5B19A67CBF00E8C70F /* XCTest.framework */; };
		19CD1F5D19A67CBF00E8C70F /* Foundation.framework in Frameworks */ = {isa = PBXBuildFile; fileRef = 19CD1F3C19A67CBF00E8C70F /* Foundation.framework */; };
		19CD1F5E19A67CBF00E8C70F /* UIKit.framework in Frameworks */ = {isa = PBXBuildFile; fileRef = 19CD1F4019A67CBF00E8C70F /* UIKit.framework */; };
		19CD1F6619A67CBF00E8C70F /* InfoPlist.strings in Resources */ = {isa = PBXBuildFile; fileRef = 19CD1F6419A67CBF00E8C70F /* InfoPlist.strings */; };
		19CD1F6819A67CBF00E8C70F /* XcodeRepositoryTryTests.m in Sources */ = {isa = PBXBuildFile; fileRef = 19CD1F6719A67CBF00E8C70F /* XcodeRepositoryTryTests.m */; };
		DE54410B088E4F5B8896999D /* libPods.a in Frameworks */ = {isa = PBXBuildFile; fileRef = 6D968A0169A24B9C991C151B /* libPods.a */; };
/* End PBXBuildFile section */

/* Begin PBXContainerItemProxy section */
		19CD1F5F19A67CBF00E8C70F /* PBXContainerItemProxy */ = {
			isa = PBXContainerItemProxy;
			containerPortal = 19CD1F3119A67CBF00E8C70F /* Project object */;
			proxyType = 1;
			remoteGlobalIDString = 19CD1F3819A67CBF00E8C70F;
			remoteInfo = XcodeRepositoryTry;
		};
/* End PBXContainerItemProxy section */

/* Begin PBXFileReference section */
		194DF6E819BE95E80073A611 /* ImageHandler.h */ = {isa = PBXFileReference; fileEncoding = 4; lastKnownFileType = sourcecode.c.h; path = ImageHandler.h; sourceTree = "<group>"; };
		194DF6E919BE95E80073A611 /* ImageHandler.mm */ = {isa = PBXFileReference; fileEncoding = 4; lastKnownFileType = sourcecode.cpp.objcpp; path = ImageHandler.mm; sourceTree = "<group>"; };
		194DF6EB19BE9B4F0073A611 /* libstdc++.6.0.9.dylib */ = {isa = PBXFileReference; lastKnownFileType = "compiled.mach-o.dylib"; name = "libstdc++.6.0.9.dylib"; path = "usr/lib/libstdc++.6.0.9.dylib"; sourceTree = SDKROOT; };
		194DF6ED19BE9C010073A611 /* tessdata */ = {isa = PBXFileReference; lastKnownFileType = folder; path = tessdata; sourceTree = "<group>"; };
		194DF6EF19BE9C130073A611 /* CoreImage.framework */ = {isa = PBXFileReference; lastKnownFileType = wrapper.framework; name = CoreImage.framework; path = System/Library/Frameworks/CoreImage.framework; sourceTree = SDKROOT; };
		194DF73619C011180073A611 /* UserDataManager.h */ = {isa = PBXFileReference; fileEncoding = 4; lastKnownFileType = sourcecode.c.h; path = UserDataManager.h; sourceTree = "<group>"; };
		194DF73719C011180073A611 /* UserDataManager.m */ = {isa = PBXFileReference; fileEncoding = 4; lastKnownFileType = sourcecode.c.objc; path = UserDataManager.m; sourceTree = "<group>"; };
		194DF73919C011220073A611 /* ImageDataManager.h */ = {isa = PBXFileReference; fileEncoding = 4; lastKnownFileType = sourcecode.c.h; path = ImageDataManager.h; sourceTree = "<group>"; };
		194DF73A19C011220073A611 /* ImageDataManager.m */ = {isa = PBXFileReference; fileEncoding = 4; lastKnownFileType = sourcecode.c.objc; path = ImageDataManager.m; sourceTree = "<group>"; };
		1970152B19F07A420006433F /* opencv2.framework */ = {isa = PBXFileReference; lastKnownFileType = wrapper.framework; name = opencv2.framework; path = ../../../Downloads/opencv2.framework; sourceTree = "<group>"; };
		1970156019F2B1860006433F /* opencv2.framework */ = {isa = PBXFileReference; lastKnownFileType = wrapper.framework; name = opencv2.framework; path = ../../OpenCV/ios/opencv2.framework; sourceTree = "<group>"; };
		1970156219F2B21E0006433F /* AssetsLibrary.framework */ = {isa = PBXFileReference; lastKnownFileType = wrapper.framework; name = AssetsLibrary.framework; path = System/Library/Frameworks/AssetsLibrary.framework; sourceTree = SDKROOT; };
		1970156419F2C3C20006433F /* OpenCVConstants.h */ = {isa = PBXFileReference; lastKnownFileType = sourcecode.c.h; path = OpenCVConstants.h; sourceTree = "<group>"; };
		19B4C56F19B4B4DF009AD5DD /* CoreMedia.framework */ = {isa = PBXFileReference; lastKnownFileType = wrapper.framework; name = CoreMedia.framework; path = System/Library/Frameworks/CoreMedia.framework; sourceTree = SDKROOT; };
		19B4C57119B4B4EA009AD5DD /* AVFoundation.framework */ = {isa = PBXFileReference; lastKnownFileType = wrapper.framework; name = AVFoundation.framework; path = System/Library/Frameworks/AVFoundation.framework; sourceTree = SDKROOT; };
		19B4C57319B4B553009AD5DD /* CaptureSessionManager.h */ = {isa = PBXFileReference; fileEncoding = 4; lastKnownFileType = sourcecode.c.h; path = CaptureSessionManager.h; sourceTree = "<group>"; };
		19B4C57419B4B553009AD5DD /* CaptureSessionManager.m */ = {isa = PBXFileReference; fileEncoding = 4; lastKnownFileType = sourcecode.c.objc; path = CaptureSessionManager.m; sourceTree = "<group>"; };
		19B4C57619B4BAAD009AD5DD /* AROverlayViewController.h */ = {isa = PBXFileReference; fileEncoding = 4; lastKnownFileType = sourcecode.c.h; path = AROverlayViewController.h; sourceTree = "<group>"; };
		19B4C57719B4BAAD009AD5DD /* AROverlayViewController.m */ = {isa = PBXFileReference; fileEncoding = 4; lastKnownFileType = sourcecode.c.objc; path = AROverlayViewController.m; sourceTree = "<group>"; };
		19B4C57919B4C303009AD5DD /* overlaygraphic.png */ = {isa = PBXFileReference; lastKnownFileType = image.png; path = overlaygraphic.png; sourceTree = "<group>"; };
		19B4C57A19B4C303009AD5DD /* scanbutton.png */ = {isa = PBXFileReference; lastKnownFileType = image.png; path = scanbutton.png; sourceTree = "<group>"; };
		19B4C57D19B4EB4E009AD5DD /* QuartzCore.framework */ = {isa = PBXFileReference; lastKnownFileType = wrapper.framework; name = QuartzCore.framework; path = System/Library/Frameworks/QuartzCore.framework; sourceTree = SDKROOT; };
		19B4C57F19B4EC1A009AD5DD /* ImageIO.framework */ = {isa = PBXFileReference; lastKnownFileType = wrapper.framework; name = ImageIO.framework; path = System/Library/Frameworks/ImageIO.framework; sourceTree = SDKROOT; };
		19CD1F3919A67CBF00E8C70F /* XcodeRepositoryTry.app */ = {isa = PBXFileReference; explicitFileType = wrapper.application; includeInIndex = 0; path = XcodeRepositoryTry.app; sourceTree = BUILT_PRODUCTS_DIR; };
		19CD1F3C19A67CBF00E8C70F /* Foundation.framework */ = {isa = PBXFileReference; lastKnownFileType = wrapper.framework; name = Foundation.framework; path = System/Library/Frameworks/Foundation.framework; sourceTree = SDKROOT; };
		19CD1F3E19A67CBF00E8C70F /* CoreGraphics.framework */ = {isa = PBXFileReference; lastKnownFileType = wrapper.framework; name = CoreGraphics.framework; path = System/Library/Frameworks/CoreGraphics.framework; sourceTree = SDKROOT; };
		19CD1F4019A67CBF00E8C70F /* UIKit.framework */ = {isa = PBXFileReference; lastKnownFileType = wrapper.framework; name = UIKit.framework; path = System/Library/Frameworks/UIKit.framework; sourceTree = SDKROOT; };
		19CD1F4419A67CBF00E8C70F /* XcodeRepositoryTry-Info.plist */ = {isa = PBXFileReference; lastKnownFileType = text.plist.xml; path = "XcodeRepositoryTry-Info.plist"; sourceTree = "<group>"; };
		19CD1F4619A67CBF00E8C70F /* en */ = {isa = PBXFileReference; lastKnownFileType = text.plist.strings; name = en; path = en.lproj/InfoPlist.strings; sourceTree = "<group>"; };
		19CD1F4819A67CBF00E8C70F /* main.m */ = {isa = PBXFileReference; lastKnownFileType = sourcecode.c.objc; path = main.m; sourceTree = "<group>"; };
		19CD1F4A19A67CBF00E8C70F /* XcodeRepositoryTry-Prefix.pch */ = {isa = PBXFileReference; lastKnownFileType = sourcecode.c.h; path = "XcodeRepositoryTry-Prefix.pch"; sourceTree = "<group>"; };
		19CD1F4B19A67CBF00E8C70F /* AppDelegate.h */ = {isa = PBXFileReference; lastKnownFileType = sourcecode.c.h; path = AppDelegate.h; sourceTree = "<group>"; };
		19CD1F4C19A67CBF00E8C70F /* AppDelegate.m */ = {isa = PBXFileReference; lastKnownFileType = sourcecode.c.objc; path = AppDelegate.m; sourceTree = "<group>"; };
		19CD1F4F19A67CBF00E8C70F /* Base */ = {isa = PBXFileReference; lastKnownFileType = file.storyboard; name = Base; path = Base.lproj/Main.storyboard; sourceTree = "<group>"; };
		19CD1F5419A67CBF00E8C70F /* Images.xcassets */ = {isa = PBXFileReference; lastKnownFileType = folder.assetcatalog; path = Images.xcassets; sourceTree = "<group>"; };
		19CD1F5A19A67CBF00E8C70F /* XcodeRepositoryTryTests.xctest */ = {isa = PBXFileReference; explicitFileType = wrapper.cfbundle; includeInIndex = 0; path = XcodeRepositoryTryTests.xctest; sourceTree = BUILT_PRODUCTS_DIR; };
		19CD1F5B19A67CBF00E8C70F /* XCTest.framework */ = {isa = PBXFileReference; lastKnownFileType = wrapper.framework; name = XCTest.framework; path = Library/Frameworks/XCTest.framework; sourceTree = DEVELOPER_DIR; };
		19CD1F6319A67CBF00E8C70F /* XcodeRepositoryTryTests-Info.plist */ = {isa = PBXFileReference; lastKnownFileType = text.plist.xml; path = "XcodeRepositoryTryTests-Info.plist"; sourceTree = "<group>"; };
		19CD1F6519A67CBF00E8C70F /* en */ = {isa = PBXFileReference; lastKnownFileType = text.plist.strings; name = en; path = en.lproj/InfoPlist.strings; sourceTree = "<group>"; };
		19CD1F6719A67CBF00E8C70F /* XcodeRepositoryTryTests.m */ = {isa = PBXFileReference; lastKnownFileType = sourcecode.c.objc; path = XcodeRepositoryTryTests.m; sourceTree = "<group>"; };
		6D968A0169A24B9C991C151B /* libPods.a */ = {isa = PBXFileReference; explicitFileType = archive.ar; includeInIndex = 0; path = libPods.a; sourceTree = BUILT_PRODUCTS_DIR; };
		BF84C9CADA9440498B02A3C8 /* Pods.xcconfig */ = {isa = PBXFileReference; includeInIndex = 1; lastKnownFileType = text.xcconfig; name = Pods.xcconfig; path = Pods/Pods.xcconfig; sourceTree = "<group>"; };
/* End PBXFileReference section */

/* Begin PBXFrameworksBuildPhase section */
		19CD1F3619A67CBF00E8C70F /* Frameworks */ = {
			isa = PBXFrameworksBuildPhase;
			buildActionMask = 2147483647;
			files = (
				1970156319F2B21E0006433F /* AssetsLibrary.framework in Frameworks */,
				1970156119F2B1860006433F /* opencv2.framework in Frameworks */,
				194DF6F419BEA1F80073A611 /* QuartzCore.framework in Frameworks */,
				194DF6F019BE9C130073A611 /* CoreImage.framework in Frameworks */,
				194DF6EC19BE9B4F0073A611 /* libstdc++.6.0.9.dylib in Frameworks */,
				19B4C58019B4EC1A009AD5DD /* ImageIO.framework in Frameworks */,
				19B4C57219B4B4EA009AD5DD /* AVFoundation.framework in Frameworks */,
				19B4C57019B4B4DF009AD5DD /* CoreMedia.framework in Frameworks */,
				19CD1F3F19A67CBF00E8C70F /* CoreGraphics.framework in Frameworks */,
				19CD1F4119A67CBF00E8C70F /* UIKit.framework in Frameworks */,
				19CD1F3D19A67CBF00E8C70F /* Foundation.framework in Frameworks */,
				DE54410B088E4F5B8896999D /* libPods.a in Frameworks */,
			);
			runOnlyForDeploymentPostprocessing = 0;
		};
		19CD1F5719A67CBF00E8C70F /* Frameworks */ = {
			isa = PBXFrameworksBuildPhase;
			buildActionMask = 2147483647;
			files = (
				19CD1F5C19A67CBF00E8C70F /* XCTest.framework in Frameworks */,
				19CD1F5E19A67CBF00E8C70F /* UIKit.framework in Frameworks */,
				19CD1F5D19A67CBF00E8C70F /* Foundation.framework in Frameworks */,
			);
			runOnlyForDeploymentPostprocessing = 0;
		};
/* End PBXFrameworksBuildPhase section */

/* Begin PBXGroup section */
		19CD1F3019A67CBF00E8C70F = {
			isa = PBXGroup;
			children = (
				19CD1F4219A67CBF00E8C70F /* XcodeRepositoryTry */,
				19CD1F6119A67CBF00E8C70F /* XcodeRepositoryTryTests */,
				19CD1F3B19A67CBF00E8C70F /* Frameworks */,
				19CD1F3A19A67CBF00E8C70F /* Products */,
				BF84C9CADA9440498B02A3C8 /* Pods.xcconfig */,
			);
			sourceTree = "<group>";
		};
		19CD1F3A19A67CBF00E8C70F /* Products */ = {
			isa = PBXGroup;
			children = (
				19CD1F3919A67CBF00E8C70F /* XcodeRepositoryTry.app */,
				19CD1F5A19A67CBF00E8C70F /* XcodeRepositoryTryTests.xctest */,
			);
			name = Products;
			sourceTree = "<group>";
		};
		19CD1F3B19A67CBF00E8C70F /* Frameworks */ = {
			isa = PBXGroup;
			children = (
				1970156219F2B21E0006433F /* AssetsLibrary.framework */,
				1970156019F2B1860006433F /* opencv2.framework */,
				1970152B19F07A420006433F /* opencv2.framework */,
				194DF6EF19BE9C130073A611 /* CoreImage.framework */,
				194DF6EB19BE9B4F0073A611 /* libstdc++.6.0.9.dylib */,
				19B4C57F19B4EC1A009AD5DD /* ImageIO.framework */,
				19B4C57D19B4EB4E009AD5DD /* QuartzCore.framework */,
				19B4C57119B4B4EA009AD5DD /* AVFoundation.framework */,
				19B4C56F19B4B4DF009AD5DD /* CoreMedia.framework */,
				19CD1F3C19A67CBF00E8C70F /* Foundation.framework */,
				19CD1F3E19A67CBF00E8C70F /* CoreGraphics.framework */,
				19CD1F4019A67CBF00E8C70F /* UIKit.framework */,
				19CD1F5B19A67CBF00E8C70F /* XCTest.framework */,
				6D968A0169A24B9C991C151B /* libPods.a */,
			);
			name = Frameworks;
			sourceTree = "<group>";
		};
		19CD1F4219A67CBF00E8C70F /* XcodeRepositoryTry */ = {
			isa = PBXGroup;
			children = (
				194DF6ED19BE9C010073A611 /* tessdata */,
				1970156419F2C3C20006433F /* OpenCVConstants.h */,
				19CD1F4B19A67CBF00E8C70F /* AppDelegate.h */,
				19CD1F4C19A67CBF00E8C70F /* AppDelegate.m */,
				19CD1F4E19A67CBF00E8C70F /* Main.storyboard */,
				19B4C57619B4BAAD009AD5DD /* AROverlayViewController.h */,
				19B4C57719B4BAAD009AD5DD /* AROverlayViewController.m */,
				19B4C57319B4B553009AD5DD /* CaptureSessionManager.h */,
				19B4C57419B4B553009AD5DD /* CaptureSessionManager.m */,
				194DF6E819BE95E80073A611 /* ImageHandler.h */,
				194DF6E919BE95E80073A611 /* ImageHandler.mm */,
				194DF73919C011220073A611 /* ImageDataManager.h */,
				194DF73A19C011220073A611 /* ImageDataManager.m */,
				194DF73619C011180073A611 /* UserDataManager.h */,
				194DF73719C011180073A611 /* UserDataManager.m */,
				19CD1F5419A67CBF00E8C70F /* Images.xcassets */,
				19CD1F4319A67CBF00E8C70F /* Supporting Files */,
			);
			path = XcodeRepositoryTry;
			sourceTree = "<group>";
		};
		19CD1F4319A67CBF00E8C70F /* Supporting Files */ = {
			isa = PBXGroup;
			children = (
				19B4C57919B4C303009AD5DD /* overlaygraphic.png */,
				19B4C57A19B4C303009AD5DD /* scanbutton.png */,
				19CD1F4419A67CBF00E8C70F /* XcodeRepositoryTry-Info.plist */,
				19CD1F4519A67CBF00E8C70F /* InfoPlist.strings */,
				19CD1F4819A67CBF00E8C70F /* main.m */,
				19CD1F4A19A67CBF00E8C70F /* XcodeRepositoryTry-Prefix.pch */,
			);
			name = "Supporting Files";
			sourceTree = "<group>";
		};
		19CD1F6119A67CBF00E8C70F /* XcodeRepositoryTryTests */ = {
			isa = PBXGroup;
			children = (
				19CD1F6719A67CBF00E8C70F /* XcodeRepositoryTryTests.m */,
				19CD1F6219A67CBF00E8C70F /* Supporting Files */,
			);
			path = XcodeRepositoryTryTests;
			sourceTree = "<group>";
		};
		19CD1F6219A67CBF00E8C70F /* Supporting Files */ = {
			isa = PBXGroup;
			children = (
				19CD1F6319A67CBF00E8C70F /* XcodeRepositoryTryTests-Info.plist */,
				19CD1F6419A67CBF00E8C70F /* InfoPlist.strings */,
			);
			name = "Supporting Files";
			sourceTree = "<group>";
		};
/* End PBXGroup section */

/* Begin PBXNativeTarget section */
		19CD1F3819A67CBF00E8C70F /* XcodeRepositoryTry */ = {
			isa = PBXNativeTarget;
			buildConfigurationList = 19CD1F6B19A67CBF00E8C70F /* Build configuration list for PBXNativeTarget "XcodeRepositoryTry" */;
			buildPhases = (
				D419F72AD7D84B478572365A /* Check Pods Manifest.lock */,
				19CD1F3519A67CBF00E8C70F /* Sources */,
				19CD1F3619A67CBF00E8C70F /* Frameworks */,
				19CD1F3719A67CBF00E8C70F /* Resources */,
				62A0F1D104144BCABE03B3A7 /* Copy Pods Resources */,
			);
			buildRules = (
			);
			dependencies = (
			);
			name = XcodeRepositoryTry;
			productName = XcodeRepositoryTry;
			productReference = 19CD1F3919A67CBF00E8C70F /* XcodeRepositoryTry.app */;
			productType = "com.apple.product-type.application";
		};
		19CD1F5919A67CBF00E8C70F /* XcodeRepositoryTryTests */ = {
			isa = PBXNativeTarget;
			buildConfigurationList = 19CD1F6E19A67CBF00E8C70F /* Build configuration list for PBXNativeTarget "XcodeRepositoryTryTests" */;
			buildPhases = (
				19CD1F5619A67CBF00E8C70F /* Sources */,
				19CD1F5719A67CBF00E8C70F /* Frameworks */,
				19CD1F5819A67CBF00E8C70F /* Resources */,
			);
			buildRules = (
			);
			dependencies = (
				19CD1F6019A67CBF00E8C70F /* PBXTargetDependency */,
			);
			name = XcodeRepositoryTryTests;
			productName = XcodeRepositoryTryTests;
			productReference = 19CD1F5A19A67CBF00E8C70F /* XcodeRepositoryTryTests.xctest */;
			productType = "com.apple.product-type.bundle.unit-test";
		};
/* End PBXNativeTarget section */

/* Begin PBXProject section */
		19CD1F3119A67CBF00E8C70F /* Project object */ = {
			isa = PBXProject;
			attributes = {
				LastUpgradeCheck = 0510;
				ORGANIZATIONNAME = "Kohei Arai";
				TargetAttributes = {
					19CD1F5919A67CBF00E8C70F = {
						TestTargetID = 19CD1F3819A67CBF00E8C70F;
					};
				};
			};
			buildConfigurationList = 19CD1F3419A67CBF00E8C70F /* Build configuration list for PBXProject "XcodeRepositoryTry" */;
			compatibilityVersion = "Xcode 3.2";
			developmentRegion = English;
			hasScannedForEncodings = 0;
			knownRegions = (
				en,
				Base,
			);
			mainGroup = 19CD1F3019A67CBF00E8C70F;
			productRefGroup = 19CD1F3A19A67CBF00E8C70F /* Products */;
			projectDirPath = "";
			projectRoot = "";
			targets = (
				19CD1F3819A67CBF00E8C70F /* XcodeRepositoryTry */,
				19CD1F5919A67CBF00E8C70F /* XcodeRepositoryTryTests */,
			);
		};
/* End PBXProject section */

/* Begin PBXResourcesBuildPhase section */
		19CD1F3719A67CBF00E8C70F /* Resources */ = {
			isa = PBXResourcesBuildPhase;
			buildActionMask = 2147483647;
			files = (
				19B4C57C19B4C303009AD5DD /* scanbutton.png in Resources */,
				19CD1F5519A67CBF00E8C70F /* Images.xcassets in Resources */,
				19B4C57B19B4C303009AD5DD /* overlaygraphic.png in Resources */,
				19CD1F4719A67CBF00E8C70F /* InfoPlist.strings in Resources */,
				19CD1F5019A67CBF00E8C70F /* Main.storyboard in Resources */,
				194DF6EE19BE9C010073A611 /* tessdata in Resources */,
			);
			runOnlyForDeploymentPostprocessing = 0;
		};
		19CD1F5819A67CBF00E8C70F /* Resources */ = {
			isa = PBXResourcesBuildPhase;
			buildActionMask = 2147483647;
			files = (
				19CD1F6619A67CBF00E8C70F /* InfoPlist.strings in Resources */,
			);
			runOnlyForDeploymentPostprocessing = 0;
		};
/* End PBXResourcesBuildPhase section */

/* Begin PBXShellScriptBuildPhase section */
		62A0F1D104144BCABE03B3A7 /* Copy Pods Resources */ = {
			isa = PBXShellScriptBuildPhase;
			buildActionMask = 2147483647;
			files = (
			);
			inputPaths = (
			);
			name = "Copy Pods Resources";
			outputPaths = (
			);
			runOnlyForDeploymentPostprocessing = 0;
			shellPath = /bin/sh;
			shellScript = "\"${SRCROOT}/Pods/Pods-resources.sh\"\n";
			showEnvVarsInLog = 0;
		};
		D419F72AD7D84B478572365A /* Check Pods Manifest.lock */ = {
			isa = PBXShellScriptBuildPhase;
			buildActionMask = 2147483647;
			files = (
			);
			inputPaths = (
			);
			name = "Check Pods Manifest.lock";
			outputPaths = (
			);
			runOnlyForDeploymentPostprocessing = 0;
			shellPath = /bin/sh;
			shellScript = "diff \"${PODS_ROOT}/../Podfile.lock\" \"${PODS_ROOT}/Manifest.lock\" > /dev/null\nif [[ $? != 0 ]] ; then\n    cat << EOM\nerror: The sandbox is not in sync with the Podfile.lock. Run 'pod install' or update your CocoaPods installation.\nEOM\n    exit 1\nfi\n";
			showEnvVarsInLog = 0;
		};
/* End PBXShellScriptBuildPhase section */

/* Begin PBXSourcesBuildPhase section */
		19CD1F3519A67CBF00E8C70F /* Sources */ = {
			isa = PBXSourcesBuildPhase;
			buildActionMask = 2147483647;
			files = (
				194DF73B19C011220073A611 /* ImageDataManager.m in Sources */,
				194DF73819C011180073A611 /* UserDataManager.m in Sources */,
				194DF6EA19BE95E80073A611 /* ImageHandler.mm in Sources */,
				19B4C57519B4B553009AD5DD /* CaptureSessionManager.m in Sources */,
				19CD1F4D19A67CBF00E8C70F /* AppDelegate.m in Sources */,
				19CD1F4919A67CBF00E8C70F /* main.m in Sources */,
				19B4C57819B4BAAD009AD5DD /* AROverlayViewController.m in Sources */,
			);
			runOnlyForDeploymentPostprocessing = 0;
		};
		19CD1F5619A67CBF00E8C70F /* Sources */ = {
			isa = PBXSourcesBuildPhase;
			buildActionMask = 2147483647;
			files = (
				19CD1F6819A67CBF00E8C70F /* XcodeRepositoryTryTests.m in Sources */,
			);
			runOnlyForDeploymentPostprocessing = 0;
		};
/* End PBXSourcesBuildPhase section */

/* Begin PBXTargetDependency section */
		19CD1F6019A67CBF00E8C70F /* PBXTargetDependency */ = {
			isa = PBXTargetDependency;
			target = 19CD1F3819A67CBF00E8C70F /* XcodeRepositoryTry */;
			targetProxy = 19CD1F5F19A67CBF00E8C70F /* PBXContainerItemProxy */;
		};
/* End PBXTargetDependency section */

/* Begin PBXVariantGroup section */
		19CD1F4519A67CBF00E8C70F /* InfoPlist.strings */ = {
			isa = PBXVariantGroup;
			children = (
				19CD1F4619A67CBF00E8C70F /* en */,
			);
			name = InfoPlist.strings;
			sourceTree = "<group>";
		};
		19CD1F4E19A67CBF00E8C70F /* Main.storyboard */ = {
			isa = PBXVariantGroup;
			children = (
				19CD1F4F19A67CBF00E8C70F /* Base */,
			);
			name = Main.storyboard;
			sourceTree = "<group>";
		};
		19CD1F6419A67CBF00E8C70F /* InfoPlist.strings */ = {
			isa = PBXVariantGroup;
			children = (
				19CD1F6519A67CBF00E8C70F /* en */,
			);
			name = InfoPlist.strings;
			sourceTree = "<group>";
		};
/* End PBXVariantGroup section */

/* Begin XCBuildConfiguration section */
		19CD1F6919A67CBF00E8C70F /* Debug */ = {
			isa = XCBuildConfiguration;
			buildSettings = {
				ALWAYS_SEARCH_USER_PATHS = NO;
				CLANG_CXX_LANGUAGE_STANDARD = "gnu++0x";
				CLANG_CXX_LIBRARY = "compiler-default";
				CLANG_ENABLE_MODULES = YES;
				CLANG_ENABLE_OBJC_ARC = YES;
				CLANG_WARN_BOOL_CONVERSION = YES;
				CLANG_WARN_CONSTANT_CONVERSION = YES;
				CLANG_WARN_DIRECT_OBJC_ISA_USAGE = YES_ERROR;
				CLANG_WARN_EMPTY_BODY = YES;
				CLANG_WARN_ENUM_CONVERSION = YES;
				CLANG_WARN_INT_CONVERSION = YES;
				CLANG_WARN_OBJC_ROOT_CLASS = YES_ERROR;
				CLANG_WARN__DUPLICATE_METHOD_MATCH = YES;
				"CODE_SIGN_IDENTITY[sdk=iphoneos*]" = "iPhone Developer";
				COPY_PHASE_STRIP = NO;
				GCC_C_LANGUAGE_STANDARD = gnu99;
				GCC_DYNAMIC_NO_PIC = NO;
				GCC_INPUT_FILETYPE = automatic;
				GCC_OPTIMIZATION_LEVEL = 0;
				GCC_PREPROCESSOR_DEFINITIONS = (
					"DEBUG=1",
					"$(inherited)",
				);
				GCC_SYMBOLS_PRIVATE_EXTERN = NO;
				GCC_WARN_64_TO_32_BIT_CONVERSION = YES;
				GCC_WARN_ABOUT_RETURN_TYPE = YES_ERROR;
				GCC_WARN_UNDECLARED_SELECTOR = YES;
				GCC_WARN_UNINITIALIZED_AUTOS = YES_AGGRESSIVE;
				GCC_WARN_UNUSED_FUNCTION = YES;
				GCC_WARN_UNUSED_VARIABLE = YES;
				IPHONEOS_DEPLOYMENT_TARGET = 7.1;
				ONLY_ACTIVE_ARCH = YES;
				OTHER_LDFLAGS = "";
				"OTHER_LDFLAGS[arch=*]" = "-lstdc++";
				SDKROOT = iphoneos;
			};
			name = Debug;
		};
		19CD1F6A19A67CBF00E8C70F /* Release */ = {
			isa = XCBuildConfiguration;
			buildSettings = {
				ALWAYS_SEARCH_USER_PATHS = NO;
				CLANG_CXX_LANGUAGE_STANDARD = "gnu++0x";
				CLANG_CXX_LIBRARY = "compiler-default";
				CLANG_ENABLE_MODULES = YES;
				CLANG_ENABLE_OBJC_ARC = YES;
				CLANG_WARN_BOOL_CONVERSION = YES;
				CLANG_WARN_CONSTANT_CONVERSION = YES;
				CLANG_WARN_DIRECT_OBJC_ISA_USAGE = YES_ERROR;
				CLANG_WARN_EMPTY_BODY = YES;
				CLANG_WARN_ENUM_CONVERSION = YES;
				CLANG_WARN_INT_CONVERSION = YES;
				CLANG_WARN_OBJC_ROOT_CLASS = YES_ERROR;
				CLANG_WARN__DUPLICATE_METHOD_MATCH = YES;
				"CODE_SIGN_IDENTITY[sdk=iphoneos*]" = "iPhone Developer";
				COPY_PHASE_STRIP = YES;
				ENABLE_NS_ASSERTIONS = NO;
				GCC_C_LANGUAGE_STANDARD = gnu99;
				GCC_INPUT_FILETYPE = automatic;
				GCC_WARN_64_TO_32_BIT_CONVERSION = YES;
				GCC_WARN_ABOUT_RETURN_TYPE = YES_ERROR;
				GCC_WARN_UNDECLARED_SELECTOR = YES;
				GCC_WARN_UNINITIALIZED_AUTOS = YES_AGGRESSIVE;
				GCC_WARN_UNUSED_FUNCTION = YES;
				GCC_WARN_UNUSED_VARIABLE = YES;
				IPHONEOS_DEPLOYMENT_TARGET = 7.1;
				OTHER_LDFLAGS = "";
				"OTHER_LDFLAGS[arch=*]" = "-lstdc++";
				SDKROOT = iphoneos;
				VALIDATE_PRODUCT = YES;
			};
			name = Release;
		};
		19CD1F6C19A67CBF00E8C70F /* Debug */ = {
			isa = XCBuildConfiguration;
			baseConfigurationReference = BF84C9CADA9440498B02A3C8 /* Pods.xcconfig */;
			buildSettings = {
				ASSETCATALOG_COMPILER_APPICON_NAME = AppIcon;
				ASSETCATALOG_COMPILER_LAUNCHIMAGE_NAME = LaunchImage;
				CLANG_CXX_LIBRARY = "compiler-default";
				FRAMEWORK_SEARCH_PATHS = (
					"$(inherited)",
					/Users/koheiarai/Downloads,
					/Users/koheiarai/Desktop/OpenCV/ios,
				);
				GCC_INPUT_FILETYPE = sourcecode.cpp.objcpp;
				GCC_PRECOMPILE_PREFIX_HEADER = YES;
				GCC_PREFIX_HEADER = "XcodeRepositoryTry/XcodeRepositoryTry-Prefix.pch";
				INFOPLIST_FILE = "XcodeRepositoryTry/XcodeRepositoryTry-Info.plist";
				IPHONEOS_DEPLOYMENT_TARGET = 7.0;
				LIBRARY_SEARCH_PATHS = (
					"$(inherited)",
					"$(SDKROOT)/usr/lib/system",
				);
				PRODUCT_NAME = "$(TARGET_NAME)";
				WRAPPER_EXTENSION = app;
			};
			name = Debug;
		};
		19CD1F6D19A67CBF00E8C70F /* Release */ = {
			isa = XCBuildConfiguration;
			baseConfigurationReference = BF84C9CADA9440498B02A3C8 /* Pods.xcconfig */;
			buildSettings = {
				ASSETCATALOG_COMPILER_APPICON_NAME = AppIcon;
				ASSETCATALOG_COMPILER_LAUNCHIMAGE_NAME = LaunchImage;
				CLANG_CXX_LIBRARY = "compiler-default";
				FRAMEWORK_SEARCH_PATHS = (
					"$(inherited)",
					/Users/koheiarai/Downloads,
					/Users/koheiarai/Desktop/OpenCV/ios,
				);
				GCC_INPUT_FILETYPE = sourcecode.cpp.objcpp;
				GCC_PRECOMPILE_PREFIX_HEADER = YES;
				GCC_PREFIX_HEADER = "XcodeRepositoryTry/XcodeRepositoryTry-Prefix.pch";
				INFOPLIST_FILE = "XcodeRepositoryTry/XcodeRepositoryTry-Info.plist";
				IPHONEOS_DEPLOYMENT_TARGET = 7.0;
				LIBRARY_SEARCH_PATHS = (
					"$(inherited)",
					"$(SDKROOT)/usr/lib/system",
				);
				PRODUCT_NAME = "$(TARGET_NAME)";
				WRAPPER_EXTENSION = app;
			};
			name = Release;
		};
		19CD1F6F19A67CBF00E8C70F /* Debug */ = {
			isa = XCBuildConfiguration;
			buildSettings = {
				BUNDLE_LOADER = "$(BUILT_PRODUCTS_DIR)/XcodeRepositoryTry.app/XcodeRepositoryTry";
				FRAMEWORK_SEARCH_PATHS = (
					"$(SDKROOT)/Developer/Library/Frameworks",
					"$(inherited)",
					"$(DEVELOPER_FRAMEWORKS_DIR)",
				);
				GCC_PRECOMPILE_PREFIX_HEADER = YES;
				GCC_PREFIX_HEADER = "XcodeRepositoryTry/XcodeRepositoryTry-Prefix.pch";
				GCC_PREPROCESSOR_DEFINITIONS = (
					"DEBUG=1",
					"$(inherited)",
				);
				INFOPLIST_FILE = "XcodeRepositoryTryTests/XcodeRepositoryTryTests-Info.plist";
				PRODUCT_NAME = "$(TARGET_NAME)";
				TEST_HOST = "$(BUNDLE_LOADER)";
				WRAPPER_EXTENSION = xctest;
			};
			name = Debug;
		};
		19CD1F7019A67CBF00E8C70F /* Release */ = {
			isa = XCBuildConfiguration;
			buildSettings = {
				BUNDLE_LOADER = "$(BUILT_PRODUCTS_DIR)/XcodeRepositoryTry.app/XcodeRepositoryTry";
				FRAMEWORK_SEARCH_PATHS = (
					"$(SDKROOT)/Developer/Library/Frameworks",
					"$(inherited)",
					"$(DEVELOPER_FRAMEWORKS_DIR)",
				);
				GCC_PRECOMPILE_PREFIX_HEADER = YES;
				GCC_PREFIX_HEADER = "XcodeRepositoryTry/XcodeRepositoryTry-Prefix.pch";
				INFOPLIST_FILE = "XcodeRepositoryTryTests/XcodeRepositoryTryTests-Info.plist";
				PRODUCT_NAME = "$(TARGET_NAME)";
				TEST_HOST = "$(BUNDLE_LOADER)";
				WRAPPER_EXTENSION = xctest;
			};
			name = Release;
		};
/* End XCBuildConfiguration section */

/* Begin XCConfigurationList section */
		19CD1F3419A67CBF00E8C70F /* Build configuration list for PBXProject "XcodeRepositoryTry" */ = {
			isa = XCConfigurationList;
			buildConfigurations = (
				19CD1F6919A67CBF00E8C70F /* Debug */,
				19CD1F6A19A67CBF00E8C70F /* Release */,
			);
			defaultConfigurationIsVisible = 0;
			defaultConfigurationName = Release;
		};
		19CD1F6B19A67CBF00E8C70F /* Build configuration list for PBXNativeTarget "XcodeRepositoryTry" */ = {
			isa = XCConfigurationList;
			buildConfigurations = (
				19CD1F6C19A67CBF00E8C70F /* Debug */,
				19CD1F6D19A67CBF00E8C70F /* Release */,
			);
			defaultConfigurationIsVisible = 0;
			defaultConfigurationName = Release;
		};
		19CD1F6E19A67CBF00E8C70F /* Build configuration list for PBXNativeTarget "XcodeRepositoryTryTests" */ = {
			isa = XCConfigurationList;
			buildConfigurations = (
				19CD1F6F19A67CBF00E8C70F /* Debug */,
				19CD1F7019A67CBF00E8C70F /* Release */,
			);
			defaultConfigurationIsVisible = 0;
			defaultConfigurationName = Release;
		};
/* End XCConfigurationList section */
	};
	rootObject = 19CD1F3119A67CBF00E8C70F /* Project object */;
}
